
Microsoft Visual Studio Solution File, Format Version 12.00
# Visual Studio Version 17
VisualStudioVersion = 17.2.32516.85
MinimumVisualStudioVersion = 10.0.40219.1
Project("{FAE04EC0-301F-11D3-BF4B-00C04F79EFBC}") = "EVI3", "EVI3.csproj", "{E797C7C3-FD53-4671-A773-F207E9EDDD10}"
EndProject
Project("{FAE04EC0-301F-11D3-BF4B-00C04F79EFBC}") = "EVI3.Entities", "..\EVI3.Entities\EVI3.Entities.csproj", "{7B527A30-837F-4EF3-943A-D898D34144AB}"
EndProject
Project("{FAE04EC0-301F-11D3-BF4B-00C04F79EFBC}") = "EVI3.Data", "..\EVI3.Data\EVI3.Data.csproj", "{C17E1041-420D-46B9-9BA5-31C9FC1F6090}"
EndProject
Project("{FAE04EC0-301F-11D3-BF4B-00C04F79EFBC}") = "EVI3.Business", "..\EVI3.Business\EVI3.Business.csproj", "{5AA70DFD-9730-46EA-9A10-6A1F01961627}"
EndProject
Global
	GlobalSection(SolutionConfigurationPlatforms) = preSolution
		Debug|Any CPU = Debug|Any CPU
		Release|Any CPU = Release|Any CPU
	EndGlobalSection
	GlobalSection(ProjectConfigurationPlatforms) = postSolution
		{E797C7C3-FD53-4671-A773-F207E9EDDD10}.Debug|Any CPU.ActiveCfg = Debug|Any CPU
		{E797C7C3-FD53-4671-A773-F207E9EDDD10}.Debug|Any CPU.Build.0 = Debug|Any CPU
		{E797C7C3-FD53-4671-A773-F207E9EDDD10}.Release|Any CPU.ActiveCfg = Release|Any CPU
		{E797C7C3-FD53-4671-A773-F207E9EDDD10}.Release|Any CPU.Build.0 = Release|Any CPU
		{7B527A30-837F-4EF3-943A-D898D34144AB}.Debug|Any CPU.ActiveCfg = Debug|Any CPU
		{7B527A30-837F-4EF3-943A-D898D34144AB}.Debug|Any CPU.Build.0 = Debug|Any CPU
		{7B527A30-837F-4EF3-943A-D898D34144AB}.Release|Any CPU.ActiveCfg = Release|Any CPU
		{7B527A30-837F-4EF3-943A-D898D34144AB}.Release|Any CPU.Build.0 = Release|Any CPU
		{C17E1041-420D-46B9-9BA5-31C9FC1F6090}.Debug|Any CPU.ActiveCfg = Debug|Any CPU
		{C17E1041-420D-46B9-9BA5-31C9FC1F6090}.Debug|Any CPU.Build.0 = Debug|Any CPU
		{C17E1041-420D-46B9-9BA5-31C9FC1F6090}.Release|Any CPU.ActiveCfg = Release|Any CPU
		{C17E1041-420D-46B9-9BA5-31C9FC1F6090}.Release|Any CPU.Build.0 = Release|Any CPU
		{5AA70DFD-9730-46EA-9A10-6A1F01961627}.Debug|Any CPU.ActiveCfg = Debug|Any CPU
		{5AA70DFD-9730-46EA-9A10-6A1F01961627}.Debug|Any CPU.Build.0 = Debug|Any CPU
		{5AA70DFD-9730-46EA-9A10-6A1F01961627}.Release|Any CPU.ActiveCfg = Release|Any CPU
		{5AA70DFD-9730-46EA-9A10-6A1F01961627}.Release|Any CPU.Build.0 = Release|Any CPU
	EndGlobalSection
	GlobalSection(SolutionProperties) = preSolution
		HideSolutionNode = FALSE
	EndGlobalSection
	GlobalSection(ExtensibilityGlobals) = postSolution
		SolutionGuid = {76863A73-0748-4F1E-BB9C-A91B74EDAB84}
	EndGlobalSection
EndGlobal
